
Microsoft Visual Studio Solution File, Format Version 12.00
# Visual Studio Version 16
VisualStudioVersion = 16.0.33130.400
MinimumVisualStudioVersion = 10.0.40219.1
Project("{9A19103F-16F7-4668-BE54-9A1E7A4F7556}") = "PlateUpCompetitiveMode", "PlateUpCompetitiveMode.csproj", "{976159BA-5A39-49EE-88C3-3D8888D346C7}"
EndProject
Global
	GlobalSection(SolutionConfigurationPlatforms) = preSolution
		Debug|Any CPU = Debug|Any CPU
		Release|Any CPU = Release|Any CPU
	EndGlobalSection
	GlobalSection(ProjectConfigurationPlatforms) = postSolution
		{976159BA-5A39-49EE-88C3-3D8888D346C7}.Debug|Any CPU.ActiveCfg = Debug|Any CPU
		{976159BA-5A39-49EE-88C3-3D8888D346C7}.Debug|Any CPU.Build.0 = Debug|Any CPU
		{976159BA-5A39-49EE-88C3-3D8888D346C7}.Release|Any CPU.ActiveCfg = Release|Any CPU
		{976159BA-5A39-49EE-88C3-3D8888D346C7}.Release|Any CPU.Build.0 = Release|Any CPU
	EndGlobalSection
	GlobalSection(SolutionProperties) = preSolution
		HideSolutionNode = FALSE
	EndGlobalSection
	GlobalSection(ExtensibilityGlobals) = postSolution
		SolutionGuid = {7EC4ADAD-4724-400E-B6FF-A7631EB984B2}
	EndGlobalSection
EndGlobal
